{
  "name": "argus-reviewer-consumer-example",
  "version": "0.1.0",
  "lockfileVersion": 3,
  "requires": true,
  "packages": {
    "": {
      "name": "argus-reviewer-consumer-example",
      "version": "0.1.0",
      "devDependencies": {
        "argus-reviewer-e2e": "file:../..",
        "typescript": "^5.5.0"
      }
    },
    "../..": {
      "name": "argus-reviewer-e2e",
      "version": "0.0.1",
      "dev": true,
      "license": "MIT",
      "dependencies": {
        "playwright": "1.63.0",
        "typescript": "^5.5.0"
      },
      "bin": {
        "argus-reviewer": "dist/cli.js"
      },
      "devDependencies": {
        "@eslint/js": "^9.0.0",
        "@types/node": "^20.0.0",
        "eslint": "^9.0.0",
        "globals": "^15.0.0",
        "prettier": "^3.0.0",
        "typescript-eslint": "^8.0.0",
        "vitest": "^2.0.0"
      },
      "engines": {
        "node": ">=20.19.0"
      }
    },
    "node_modules/argus-reviewer-e2e": {
      "resolved": "../..",
      "link": true
    },
    "node_modules/typescript": {
      "version": "5.9.3",
      "resolved": "https://registry.npmjs.org/typescript/-/typescript-5.9.3.tgz",
      "integrity": "sha512-jl1vZzPDinLr9eUt3J/t7V6FgNEw9QjvBPdysz9KfQDD41fQrC2Y4vKQdiaUpFT4bXlb1RHhLpp8wtm6M5TgSw==",
      "dev": true,
      "license": "Apache-2.0",
      "bin": {
        "tsc": "bin/tsc",
        "tsserver": "bin/tsserver"
      },
      "engines": {
        "node": ">=14.17"
      }
    }
  }
}
